<?xml version="1.0" encoding="utf-8"?>
<Project ToolsVersion="4.0" xmlns="http://schemas.microsoft.com/developer/msbuild/2003">
  <ItemGroup>
    <Filter Include="Source Files">
      <UniqueIdentifier>{4FC737F1-C7A5-4376-A066-2A32D752A2FF}</UniqueIdentifier>
      <Extensions>cpp;c;cc;cxx;def;odl;idl;hpj;bat;asm;asmx</Extensions>
    </Filter>
    <Filter Include="Header Files">
      <UniqueIdentifier>{93995380-89BD-4b04-88EB-625FBE52EBFB}</UniqueIdentifier>
      <Extensions>h;hh;hpp;hxx;hm;inl;inc;xsd</Extensions>
    </Filter>
    <Filter Include="Resource Files">
      <UniqueIdentifier>{67DA6AB6-F800-4c08-8B7A-83BB121AAD01}</UniqueIdentifier>
      <Extensions>rc;ico;cur;bmp;dlg;rc2;rct;bin;rgs;gif;jpg;jpeg;jpe;resx;tiff;tif;png;wav;mfcribbon-ms</Extensions>
    </Filter>
    <Filter Include="Header Files\Core">
      <UniqueIdentifier>{81990348-6727-45ac-9051-4a97c4210495}</UniqueIdentifier>
    </Filter>
    <Filter Include="Header Files\States">
      <UniqueIdentifier>{1171c795-d909-4d12-b380-0f13ff082548}</UniqueIdentifier>
    </Filter>
    <Filter Include="Source Files\States">
      <UniqueIdentifier>{a81c8548-682f-4344-b2f6-796bb66668e9}</UniqueIdentifier>
    </Filter>
    <Filter Include="Header Files\Entity">
      <UniqueIdentifier>{a82704b4-493a-40ae-8912-d8e4e55773a6}</UniqueIdentifier>
    </Filter>
    <Filter Include="Source Files\Entity">
      <UniqueIdentifier>{7543e7be-3938-43db-8cc9-8be39e58547f}</UniqueIdentifier>
    </Filter>
  </ItemGroup>
  <ItemGroup>
    <ClCompile Include="main.cpp">
      <Filter>Source Files</Filter>
    </ClCompile>
    <ClCompile Include="main_menu.cpp">
      <Filter>Source Files\States</Filter>
    </ClCompile>
    <ClCompile Include="main_game.cpp">
      <Filter>Source Files\States</Filter>
    </ClCompile>
    <ClCompile Include="paddle_player.cpp">
      <Filter>Source Files\Entity</Filter>
    </ClCompile>
    <ClCompile Include="ball.cpp">
      <Filter>Source Files\Entity</Filter>
    </ClCompile>
  </ItemGroup>
  <ItemGroup>
    <ClInclude Include="main_menu.h">
      <Filter>Header Files\States</Filter>
    </ClInclude>
    <ClInclude Include="main_game.h">
      <Filter>Header Files\States</Filter>
    </ClInclude>
    <ClInclude Include="game_state.h">
      <Filter>Header Files\Core</Filter>
    </ClInclude>
    <ClInclude Include="entity.h">
      <Filter>Header Files\Core</Filter>
    </ClInclude>
    <ClInclude Include="paddle_player.h">
      <Filter>Header Files\Entity</Filter>
    </ClInclude>
    <ClInclude Include="ball.h">
      <Filter>Header Files\Core</Filter>
    </ClInclude>
  </ItemGroup>
</Project>